
Microsoft Visual Studio Solution File, Format Version 12.00
# Visual Studio Version 17
VisualStudioVersion = 17.11.35312.102
MinimumVisualStudioVersion = 10.0.40219.1
Project("{9A19103F-16F7-4668-BE54-9A1E7A4F7556}") = "Demo.Api", "Demo\Demo.Api.csproj", "{924D54AD-834B-4652-B593-9B944D2AF95D}"
EndProject
Project("{9A19103F-16F7-4668-BE54-9A1E7A4F7556}") = "Demo.Function", "Demo.Function\Demo.Function.csproj", "{9BAE4327-F442-42AA-AB1F-518CAF3FEE9D}"
EndProject
Project("{FAE04EC0-301F-11D3-BF4B-00C04F79EFBC}") = "Demo.ApiToFunction.Tests", "Demo.ApiToFunction.Tests\Demo.ApiToFunction.Tests.csproj", "{0AC72B5A-E83F-405A-B4F9-CBEA94748E09}"
EndProject
Global
	GlobalSection(SolutionConfigurationPlatforms) = preSolution
		Debug|Any CPU = Debug|Any CPU
		Release|Any CPU = Release|Any CPU
	EndGlobalSection
	GlobalSection(ProjectConfigurationPlatforms) = postSolution
		{924D54AD-834B-4652-B593-9B944D2AF95D}.Debug|Any CPU.ActiveCfg = Debug|Any CPU
		{924D54AD-834B-4652-B593-9B944D2AF95D}.Debug|Any CPU.Build.0 = Debug|Any CPU
		{924D54AD-834B-4652-B593-9B944D2AF95D}.Release|Any CPU.ActiveCfg = Release|Any CPU
		{924D54AD-834B-4652-B593-9B944D2AF95D}.Release|Any CPU.Build.0 = Release|Any CPU
		{9BAE4327-F442-42AA-AB1F-518CAF3FEE9D}.Debug|Any CPU.ActiveCfg = Debug|Any CPU
		{9BAE4327-F442-42AA-AB1F-518CAF3FEE9D}.Debug|Any CPU.Build.0 = Debug|Any CPU
		{9BAE4327-F442-42AA-AB1F-518CAF3FEE9D}.Release|Any CPU.ActiveCfg = Release|Any CPU
		{9BAE4327-F442-42AA-AB1F-518CAF3FEE9D}.Release|Any CPU.Build.0 = Release|Any CPU
		{0AC72B5A-E83F-405A-B4F9-CBEA94748E09}.Debug|Any CPU.ActiveCfg = Debug|Any CPU
		{0AC72B5A-E83F-405A-B4F9-CBEA94748E09}.Debug|Any CPU.Build.0 = Debug|Any CPU
		{0AC72B5A-E83F-405A-B4F9-CBEA94748E09}.Release|Any CPU.ActiveCfg = Release|Any CPU
		{0AC72B5A-E83F-405A-B4F9-CBEA94748E09}.Release|Any CPU.Build.0 = Release|Any CPU
	EndGlobalSection
	GlobalSection(SolutionProperties) = preSolution
		HideSolutionNode = FALSE
	EndGlobalSection
	GlobalSection(ExtensibilityGlobals) = postSolution
		SolutionGuid = {0F355B20-A926-4883-8280-36533D556D3F}
	EndGlobalSection
EndGlobal
